PODS:
  - CLTypingLabel (0.4.0)
  - IQKeyboardManagerSwift (6.5.9)

DEPENDENCIES:
  - CLTypingLabel (~> 0.4.0)
  - IQKeyboardManagerSwift

SPEC REPOS:
  trunk:
    - CLTypingLabel
    - IQKeyboardManagerSwift

SPEC CHECKSUMS:
  CLTypingLabel: 95a7d1faf7e3d1d952cd11cb0491d17d80c50934
  IQKeyboardManagerSwift: 6e839c575c4aa1078d58a596e41244e77abe918f

PODFILE CHECKSUM: 2b9baf149515957531d50d29d5dd64dadd0a3887

COCOAPODS: 1.11.2
